{
  "name": "tablazor",
  "version": "1.0.0",
  "lockfileVersion": 3,
  "requires": true,
  "packages": {
    "": {
      "name": "tablazor",
      "version": "1.0.0",
      "license": "ISC",
      "devDependencies": {
        "@tabler/icons-webfont": "^2.38.0"
      }
    },
    "node_modules/@tabler/icons": {
      "version": "2.38.0",
      "resolved": "https://registry.npmjs.org/@tabler/icons/-/icons-2.38.0.tgz",
      "integrity": "sha512-icDKK6n8jUYAavHK+L2Xe0/tYjwZVS7uhVazhCMVjdm3RfJLFbeLSNEIWcYdGOg6QAock9yqWse8hnhvsy2M3w==",
      "dev": true,
      "funding": {
        "type": "github",
        "url": "https://github.com/sponsors/codecalm"
      }
    },
    "node_modules/@tabler/icons-webfont": {
      "version": "2.38.0",
      "resolved": "https://registry.npmjs.org/@tabler/icons-webfont/-/icons-webfont-2.38.0.tgz",
      "integrity": "sha512-sHJa0HPxOk28oiggAHzXoe/2weMidgM+7+sGOnfNA5fybC4I7evhqnIi9PePNiHBKL6f1Lnk/7Vxxk9a0QxSLA==",
      "dev": true,
      "dependencies": {
        "@tabler/icons": "2.38.0"
      },
      "funding": {
        "type": "github",
        "url": "https://github.com/sponsors/codecalm"
      }
    }
  }
}
